
Microsoft Visual Studio Solution File, Format Version 12.00
# Visual Studio 14
VisualStudioVersion = 14.0.25420.1
MinimumVisualStudioVersion = 10.0.40219.1
Project("{FAE04EC0-301F-11D3-BF4B-00C04F79EFBC}") = "CardShuffleRunner", "CardShuffleRunner\CardShuffleRunner.csproj", "{F757B300-E27D-498C-B041-EA1D8A89C33D}"
EndProject
Project("{FAE04EC0-301F-11D3-BF4B-00C04F79EFBC}") = "CardShuffler", "CardShuffler\CardShuffler.csproj", "{F315F981-A127-4DF1-A2FD-4E003220DC1A}"
EndProject
Project("{FAE04EC0-301F-11D3-BF4B-00C04F79EFBC}") = "CardShufflerTests", "CardShufflerTests\CardShufflerTests.csproj", "{EA00B70F-D336-422C-851B-8F4365675D95}"
EndProject
Global
	GlobalSection(SolutionConfigurationPlatforms) = preSolution
		Debug|Any CPU = Debug|Any CPU
		Release|Any CPU = Release|Any CPU
	EndGlobalSection
	GlobalSection(ProjectConfigurationPlatforms) = postSolution
		{F757B300-E27D-498C-B041-EA1D8A89C33D}.Debug|Any CPU.ActiveCfg = Debug|Any CPU
		{F757B300-E27D-498C-B041-EA1D8A89C33D}.Debug|Any CPU.Build.0 = Debug|Any CPU
		{F757B300-E27D-498C-B041-EA1D8A89C33D}.Release|Any CPU.ActiveCfg = Release|Any CPU
		{F757B300-E27D-498C-B041-EA1D8A89C33D}.Release|Any CPU.Build.0 = Release|Any CPU
		{F315F981-A127-4DF1-A2FD-4E003220DC1A}.Debug|Any CPU.ActiveCfg = Debug|Any CPU
		{F315F981-A127-4DF1-A2FD-4E003220DC1A}.Debug|Any CPU.Build.0 = Debug|Any CPU
		{F315F981-A127-4DF1-A2FD-4E003220DC1A}.Release|Any CPU.ActiveCfg = Release|Any CPU
		{F315F981-A127-4DF1-A2FD-4E003220DC1A}.Release|Any CPU.Build.0 = Release|Any CPU
		{EA00B70F-D336-422C-851B-8F4365675D95}.Debug|Any CPU.ActiveCfg = Debug|Any CPU
		{EA00B70F-D336-422C-851B-8F4365675D95}.Debug|Any CPU.Build.0 = Debug|Any CPU
		{EA00B70F-D336-422C-851B-8F4365675D95}.Release|Any CPU.ActiveCfg = Release|Any CPU
		{EA00B70F-D336-422C-851B-8F4365675D95}.Release|Any CPU.Build.0 = Release|Any CPU
	EndGlobalSection
	GlobalSection(SolutionProperties) = preSolution
		HideSolutionNode = FALSE
	EndGlobalSection
EndGlobal
